
Microsoft Visual Studio Solution File, Format Version 12.00
# Visual Studio 2013
VisualStudioVersion = 12.0.30723.0
MinimumVisualStudioVersion = 10.0.40219.1
Project("{FAE04EC0-301F-11D3-BF4B-00C04F79EFBC}") = "calculator++", "calculator++\calculator++.csproj", "{2F1957D1-1918-45E8-B298-F95B165867A4}"
EndProject
Project("{FAE04EC0-301F-11D3-BF4B-00C04F79EFBC}") = "calculator++tests", "calculator++tests\calculator++tests.csproj", "{2FE97611-9211-471F-9D88-E9C894706C07}"
EndProject
Global
	GlobalSection(SolutionConfigurationPlatforms) = preSolution
		Debug|Any CPU = Debug|Any CPU
		Release|Any CPU = Release|Any CPU
	EndGlobalSection
	GlobalSection(ProjectConfigurationPlatforms) = postSolution
		{2F1957D1-1918-45E8-B298-F95B165867A4}.Debug|Any CPU.ActiveCfg = Debug|Any CPU
		{2F1957D1-1918-45E8-B298-F95B165867A4}.Debug|Any CPU.Build.0 = Debug|Any CPU
		{2F1957D1-1918-45E8-B298-F95B165867A4}.Release|Any CPU.ActiveCfg = Release|Any CPU
		{2F1957D1-1918-45E8-B298-F95B165867A4}.Release|Any CPU.Build.0 = Release|Any CPU
		{2FE97611-9211-471F-9D88-E9C894706C07}.Debug|Any CPU.ActiveCfg = Debug|Any CPU
		{2FE97611-9211-471F-9D88-E9C894706C07}.Debug|Any CPU.Build.0 = Debug|Any CPU
		{2FE97611-9211-471F-9D88-E9C894706C07}.Release|Any CPU.ActiveCfg = Release|Any CPU
		{2FE97611-9211-471F-9D88-E9C894706C07}.Release|Any CPU.Build.0 = Release|Any CPU
	EndGlobalSection
	GlobalSection(SolutionProperties) = preSolution
		HideSolutionNode = FALSE
	EndGlobalSection
EndGlobal
